
Microsoft Visual Studio Solution File, Format Version 12.00
# Visual Studio Version 16
VisualStudioVersion = 16.0.29418.71
MinimumVisualStudioVersion = 10.0.40219.1
Project("{FAE04EC0-301F-11D3-BF4B-00C04F79EFBC}") = "ConsoleAppChess", "ConsoleAppChess\ConsoleAppChess.csproj", "{4176660F-A92F-457D-A5BC-BDF0B43ADF82}"
EndProject
Global
	GlobalSection(SolutionConfigurationPlatforms) = preSolution
		Debug|Any CPU = Debug|Any CPU
		Release|Any CPU = Release|Any CPU
	EndGlobalSection
	GlobalSection(ProjectConfigurationPlatforms) = postSolution
		{4176660F-A92F-457D-A5BC-BDF0B43ADF82}.Debug|Any CPU.ActiveCfg = Debug|Any CPU
		{4176660F-A92F-457D-A5BC-BDF0B43ADF82}.Debug|Any CPU.Build.0 = Debug|Any CPU
		{4176660F-A92F-457D-A5BC-BDF0B43ADF82}.Release|Any CPU.ActiveCfg = Release|Any CPU
		{4176660F-A92F-457D-A5BC-BDF0B43ADF82}.Release|Any CPU.Build.0 = Release|Any CPU
	EndGlobalSection
	GlobalSection(SolutionProperties) = preSolution
		HideSolutionNode = FALSE
	EndGlobalSection
	GlobalSection(ExtensibilityGlobals) = postSolution
		SolutionGuid = {57841A09-0A4B-440F-B74D-D74652073014}
	EndGlobalSection
EndGlobal
